{
    "_readme": [
        "This file locks the dependencies of your project to a known state",
        "Read more about it at https://getcomposer.org/doc/01-basic-usage.md#installing-dependencies",
        "This file is @generated automatically"
    ],
    "content-hash": "9f6a49b9b30f1e542e093d126e23beaf",
    "packages": [
        {
            "name": "spatie/server-side-rendering",
            "version": "0.2.5",
            "source": {
                "type": "git",
                "url": "https://github.com/spatie/server-side-rendering.git",
                "reference": "fb646f07be18e83324d7e32773c19ccf06a78530"
            },
            "dist": {
                "type": "zip",
                "url": "https://api.github.com/repos/spatie/server-side-rendering/zipball/fb646f07be18e83324d7e32773c19ccf06a78530",
                "reference": "fb646f07be18e83324d7e32773c19ccf06a78530",
                "shasum": ""
            },
            "require": {
                "php": "^7.0",
                "symfony/process": "^3.0|^4.0"
            },
            "require-dev": {
                "phpunit/phpunit": "^6.0"
            },
            "type": "library",
            "autoload": {
                "psr-4": {
                    "Spatie\\Ssr\\": "src"
                }
            },
            "notification-url": "https://packagist.org/downloads/",
            "license": [
                "MIT"
            ],
            "authors": [
                {
                    "name": "Sebastian De Deyne",
                    "email": "sebastian@spatie.be",
                    "homepage": "https://spatie.be",
                    "role": "Developer"
                }
            ],
            "description": "Server side rendering JavaScript in your PHP application",
            "homepage": "https://github.com/spatie/server-side-rendering",
            "keywords": [
                "SSR",
                "server-side-rendering",
                "spatie"
            ],
            "time": "2018-08-10T08:07:00+00:00"
        },
        {
            "name": "symfony/process",
            "version": "v4.2.1",
            "source": {
                "type": "git",
                "url": "https://github.com/symfony/process.git",
                "reference": "2b341009ccec76837a7f46f59641b431e4d4c2b0"
            },
            "dist": {
                "type": "zip",
                "url": "https://api.github.com/repos/symfony/process/zipball/2b341009ccec76837a7f46f59641b431e4d4c2b0",
                "reference": "2b341009ccec76837a7f46f59641b431e4d4c2b0",
                "shasum": ""
            },
            "require": {
                "php": "^7.1.3"
            },
            "type": "library",
            "extra": {
                "branch-alias": {
                    "dev-master": "4.2-dev"
                }
            },
            "autoload": {
                "psr-4": {
                    "Symfony\\Component\\Process\\": ""
                },
                "exclude-from-classmap": [
                    "/Tests/"
                ]
            },
            "notification-url": "https://packagist.org/downloads/",
            "license": [
                "MIT"
            ],
            "authors": [
                {
                    "name": "Fabien Potencier",
                    "email": "fabien@symfony.com"
                },
                {
                    "name": "Symfony Community",
                    "homepage": "https://symfony.com/contributors"
                }
            ],
            "description": "Symfony Process Component",
            "homepage": "https://symfony.com",
            "time": "2018-11-20T16:22:05+00:00"
        }
    ],
    "packages-dev": [],
    "aliases": [],
    "minimum-stability": "stable",
    "stability-flags": [],
    "prefer-stable": false,
    "prefer-lowest": false,
    "platform": [],
    "platform-dev": []
}
